
Microsoft Visual Studio Solution File, Format Version 12.00
# Visual Studio Version 17
VisualStudioVersion = 17.11.35327.3
MinimumVisualStudioVersion = 10.0.40219.1
Project("{8BC9CEB8-8B4A-11D0-8D11-00A0C91BC942}") = "hello-opengl", "hello-opengl\hello-opengl.vcxproj", "{93F2D2BF-9080-4382-B5E9-7FCA0860B5C6}"
EndProject
Project("{8BC9CEB8-8B4A-11D0-8D11-00A0C91BC942}") = "hello-shader", "hello-shader\hello-shader.vcxproj", "{E87F6B99-BB51-4E88-A9FA-731AFF814FB9}"
EndProject
Project("{8BC9CEB8-8B4A-11D0-8D11-00A0C91BC942}") = "hello-triangle", "hello-triangle\hello-triangle.vcxproj", "{5E886E35-8C67-4ABD-890D-227C1FB7C056}"
EndProject
Project("{8BC9CEB8-8B4A-11D0-8D11-00A0C91BC942}") = "hello-texture", "hello-texture\hello-texture.vcxproj", "{C3318FAB-1598-46F7-8E2B-06501B14162E}"
EndProject
Project("{8BC9CEB8-8B4A-11D0-8D11-00A0C91BC942}") = "hello-camera", "hello-camera\hello-camera.vcxproj", "{CBE5555B-D6B5-4A47-985E-46C342F27D4A}"
EndProject
Project("{8BC9CEB8-8B4A-11D0-8D11-00A0C91BC942}") = "hello-object", "hello-object\hello-object.vcxproj", "{70BF9060-4BDA-4B2A-9EFF-EBA458A80AE1}"
EndProject
Global
	GlobalSection(SolutionConfigurationPlatforms) = preSolution
		Debug|x64 = Debug|x64
		Debug|x86 = Debug|x86
		Release|x64 = Release|x64
		Release|x86 = Release|x86
	EndGlobalSection
	GlobalSection(ProjectConfigurationPlatforms) = postSolution
		{93F2D2BF-9080-4382-B5E9-7FCA0860B5C6}.Debug|x64.ActiveCfg = Debug|x64
		{93F2D2BF-9080-4382-B5E9-7FCA0860B5C6}.Debug|x64.Build.0 = Debug|x64
		{93F2D2BF-9080-4382-B5E9-7FCA0860B5C6}.Debug|x86.ActiveCfg = Debug|Win32
		{93F2D2BF-9080-4382-B5E9-7FCA0860B5C6}.Debug|x86.Build.0 = Debug|Win32
		{93F2D2BF-9080-4382-B5E9-7FCA0860B5C6}.Release|x64.ActiveCfg = Release|x64
		{93F2D2BF-9080-4382-B5E9-7FCA0860B5C6}.Release|x64.Build.0 = Release|x64
		{93F2D2BF-9080-4382-B5E9-7FCA0860B5C6}.Release|x86.ActiveCfg = Release|Win32
		{93F2D2BF-9080-4382-B5E9-7FCA0860B5C6}.Release|x86.Build.0 = Release|Win32
		{E87F6B99-BB51-4E88-A9FA-731AFF814FB9}.Debug|x64.ActiveCfg = Debug|x64
		{E87F6B99-BB51-4E88-A9FA-731AFF814FB9}.Debug|x64.Build.0 = Debug|x64
		{E87F6B99-BB51-4E88-A9FA-731AFF814FB9}.Debug|x86.ActiveCfg = Debug|Win32
		{E87F6B99-BB51-4E88-A9FA-731AFF814FB9}.Debug|x86.Build.0 = Debug|Win32
		{E87F6B99-BB51-4E88-A9FA-731AFF814FB9}.Release|x64.ActiveCfg = Release|x64
		{E87F6B99-BB51-4E88-A9FA-731AFF814FB9}.Release|x64.Build.0 = Release|x64
		{E87F6B99-BB51-4E88-A9FA-731AFF814FB9}.Release|x86.ActiveCfg = Release|Win32
		{E87F6B99-BB51-4E88-A9FA-731AFF814FB9}.Release|x86.Build.0 = Release|Win32
		{5E886E35-8C67-4ABD-890D-227C1FB7C056}.Debug|x64.ActiveCfg = Debug|x64
		{5E886E35-8C67-4ABD-890D-227C1FB7C056}.Debug|x64.Build.0 = Debug|x64
		{5E886E35-8C67-4ABD-890D-227C1FB7C056}.Debug|x86.ActiveCfg = Debug|Win32
		{5E886E35-8C67-4ABD-890D-227C1FB7C056}.Debug|x86.Build.0 = Debug|Win32
		{5E886E35-8C67-4ABD-890D-227C1FB7C056}.Release|x64.ActiveCfg = Release|x64
		{5E886E35-8C67-4ABD-890D-227C1FB7C056}.Release|x64.Build.0 = Release|x64
		{5E886E35-8C67-4ABD-890D-227C1FB7C056}.Release|x86.ActiveCfg = Release|Win32
		{5E886E35-8C67-4ABD-890D-227C1FB7C056}.Release|x86.Build.0 = Release|Win32
		{C3318FAB-1598-46F7-8E2B-06501B14162E}.Debug|x64.ActiveCfg = Debug|x64
		{C3318FAB-1598-46F7-8E2B-06501B14162E}.Debug|x64.Build.0 = Debug|x64
		{C3318FAB-1598-46F7-8E2B-06501B14162E}.Debug|x86.ActiveCfg = Debug|Win32
		{C3318FAB-1598-46F7-8E2B-06501B14162E}.Debug|x86.Build.0 = Debug|Win32
		{C3318FAB-1598-46F7-8E2B-06501B14162E}.Release|x64.ActiveCfg = Release|x64
		{C3318FAB-1598-46F7-8E2B-06501B14162E}.Release|x64.Build.0 = Release|x64
		{C3318FAB-1598-46F7-8E2B-06501B14162E}.Release|x86.ActiveCfg = Release|Win32
		{C3318FAB-1598-46F7-8E2B-06501B14162E}.Release|x86.Build.0 = Release|Win32
		{CBE5555B-D6B5-4A47-985E-46C342F27D4A}.Debug|x64.ActiveCfg = Debug|x64
		{CBE5555B-D6B5-4A47-985E-46C342F27D4A}.Debug|x64.Build.0 = Debug|x64
		{CBE5555B-D6B5-4A47-985E-46C342F27D4A}.Debug|x86.ActiveCfg = Debug|Win32
		{CBE5555B-D6B5-4A47-985E-46C342F27D4A}.Debug|x86.Build.0 = Debug|Win32
		{CBE5555B-D6B5-4A47-985E-46C342F27D4A}.Release|x64.ActiveCfg = Release|x64
		{CBE5555B-D6B5-4A47-985E-46C342F27D4A}.Release|x64.Build.0 = Release|x64
		{CBE5555B-D6B5-4A47-985E-46C342F27D4A}.Release|x86.ActiveCfg = Release|Win32
		{CBE5555B-D6B5-4A47-985E-46C342F27D4A}.Release|x86.Build.0 = Release|Win32
		{70BF9060-4BDA-4B2A-9EFF-EBA458A80AE1}.Debug|x64.ActiveCfg = Debug|x64
		{70BF9060-4BDA-4B2A-9EFF-EBA458A80AE1}.Debug|x64.Build.0 = Debug|x64
		{70BF9060-4BDA-4B2A-9EFF-EBA458A80AE1}.Debug|x86.ActiveCfg = Debug|Win32
		{70BF9060-4BDA-4B2A-9EFF-EBA458A80AE1}.Debug|x86.Build.0 = Debug|Win32
		{70BF9060-4BDA-4B2A-9EFF-EBA458A80AE1}.Release|x64.ActiveCfg = Release|x64
		{70BF9060-4BDA-4B2A-9EFF-EBA458A80AE1}.Release|x64.Build.0 = Release|x64
		{70BF9060-4BDA-4B2A-9EFF-EBA458A80AE1}.Release|x86.ActiveCfg = Release|Win32
		{70BF9060-4BDA-4B2A-9EFF-EBA458A80AE1}.Release|x86.Build.0 = Release|Win32
	EndGlobalSection
	GlobalSection(SolutionProperties) = preSolution
		HideSolutionNode = FALSE
	EndGlobalSection
	GlobalSection(ExtensibilityGlobals) = postSolution
		SolutionGuid = {73C21BB1-47AA-4864-9816-BCA01D638AEA}
	EndGlobalSection
EndGlobal
